
Microsoft Visual Studio Solution File, Format Version 12.00
# Visual Studio Version 16
VisualStudioVersion = 16.0.29306.81
MinimumVisualStudioVersion = 10.0.40219.1
Project("{FAE04EC0-301F-11D3-BF4B-00C04F79EFBC}") = "TwitterClone", "TwitterClone.csproj", "{49F19BB0-9A79-4BEA-94FF-7D487AC527BE}"
EndProject
Global
	GlobalSection(SolutionConfigurationPlatforms) = preSolution
		Debug|Any CPU = Debug|Any CPU
		Release|Any CPU = Release|Any CPU
	EndGlobalSection
	GlobalSection(ProjectConfigurationPlatforms) = postSolution
		{49F19BB0-9A79-4BEA-94FF-7D487AC527BE}.Debug|Any CPU.ActiveCfg = Debug|Any CPU
		{49F19BB0-9A79-4BEA-94FF-7D487AC527BE}.Debug|Any CPU.Build.0 = Debug|Any CPU
		{49F19BB0-9A79-4BEA-94FF-7D487AC527BE}.Release|Any CPU.ActiveCfg = Release|Any CPU
		{49F19BB0-9A79-4BEA-94FF-7D487AC527BE}.Release|Any CPU.Build.0 = Release|Any CPU
	EndGlobalSection
	GlobalSection(SolutionProperties) = preSolution
		HideSolutionNode = FALSE
	EndGlobalSection
	GlobalSection(ExtensibilityGlobals) = postSolution
		SolutionGuid = {131991F4-882B-4810-BCB4-F8952D42B55C}
	EndGlobalSection
EndGlobal
